
Microsoft Visual Studio Solution File, Format Version 12.00
# Visual Studio Version 17
VisualStudioVersion = 17.2.32630.192
MinimumVisualStudioVersion = 10.0.40219.1
Project("{9A19103F-16F7-4668-BE54-9A1E7A4F7556}") = "Simple-Messenger", "Simple-Messenger.csproj", "{B6177660-E67C-4858-A243-C133983743EC}"
EndProject
Project("{9A19103F-16F7-4668-BE54-9A1E7A4F7556}") = "ASPCoreServer", "..\ASPCoreServer\ASPCoreServer.csproj", "{8F11EC60-9D64-4C8D-81D7-438958BB43EE}"
EndProject
Project("{9A19103F-16F7-4668-BE54-9A1E7A4F7556}") = "WinFormsClient", "..\WinFormsClient\WinFormsClient.csproj", "{CAB978EA-3497-41DE-B924-6B49D1AF571D}"
EndProject
Project("{FAE04EC0-301F-11D3-BF4B-00C04F79EFBC}") = "UWPClient", "..\UWPClient\UWPClient.csproj", "{8087705D-0555-4C1B-AB6D-182DBC27DA28}"
EndProject
Global
	GlobalSection(SolutionConfigurationPlatforms) = preSolution
		Debug|Any CPU = Debug|Any CPU
		Debug|ARM = Debug|ARM
		Debug|ARM64 = Debug|ARM64
		Debug|x64 = Debug|x64
		Debug|x86 = Debug|x86
		Release|Any CPU = Release|Any CPU
		Release|ARM = Release|ARM
		Release|ARM64 = Release|ARM64
		Release|x64 = Release|x64
		Release|x86 = Release|x86
	EndGlobalSection
	GlobalSection(ProjectConfigurationPlatforms) = postSolution
		{B6177660-E67C-4858-A243-C133983743EC}.Debug|Any CPU.ActiveCfg = Debug|Any CPU
		{B6177660-E67C-4858-A243-C133983743EC}.Debug|Any CPU.Build.0 = Debug|Any CPU
		{B6177660-E67C-4858-A243-C133983743EC}.Debug|ARM.ActiveCfg = Debug|Any CPU
		{B6177660-E67C-4858-A243-C133983743EC}.Debug|ARM.Build.0 = Debug|Any CPU
		{B6177660-E67C-4858-A243-C133983743EC}.Debug|ARM64.ActiveCfg = Debug|Any CPU
		{B6177660-E67C-4858-A243-C133983743EC}.Debug|ARM64.Build.0 = Debug|Any CPU
		{B6177660-E67C-4858-A243-C133983743EC}.Debug|x64.ActiveCfg = Debug|Any CPU
		{B6177660-E67C-4858-A243-C133983743EC}.Debug|x64.Build.0 = Debug|Any CPU
		{B6177660-E67C-4858-A243-C133983743EC}.Debug|x86.ActiveCfg = Debug|Any CPU
		{B6177660-E67C-4858-A243-C133983743EC}.Debug|x86.Build.0 = Debug|Any CPU
		{B6177660-E67C-4858-A243-C133983743EC}.Release|Any CPU.ActiveCfg = Release|Any CPU
		{B6177660-E67C-4858-A243-C133983743EC}.Release|Any CPU.Build.0 = Release|Any CPU
		{B6177660-E67C-4858-A243-C133983743EC}.Release|ARM.ActiveCfg = Release|Any CPU
		{B6177660-E67C-4858-A243-C133983743EC}.Release|ARM.Build.0 = Release|Any CPU
		{B6177660-E67C-4858-A243-C133983743EC}.Release|ARM64.ActiveCfg = Release|Any CPU
		{B6177660-E67C-4858-A243-C133983743EC}.Release|ARM64.Build.0 = Release|Any CPU
		{B6177660-E67C-4858-A243-C133983743EC}.Release|x64.ActiveCfg = Release|Any CPU
		{B6177660-E67C-4858-A243-C133983743EC}.Release|x64.Build.0 = Release|Any CPU
		{B6177660-E67C-4858-A243-C133983743EC}.Release|x86.ActiveCfg = Release|Any CPU
		{B6177660-E67C-4858-A243-C133983743EC}.Release|x86.Build.0 = Release|Any CPU
		{8F11EC60-9D64-4C8D-81D7-438958BB43EE}.Debug|Any CPU.ActiveCfg = Debug|Any CPU
		{8F11EC60-9D64-4C8D-81D7-438958BB43EE}.Debug|Any CPU.Build.0 = Debug|Any CPU
		{8F11EC60-9D64-4C8D-81D7-438958BB43EE}.Debug|ARM.ActiveCfg = Debug|Any CPU
		{8F11EC60-9D64-4C8D-81D7-438958BB43EE}.Debug|ARM.Build.0 = Debug|Any CPU
		{8F11EC60-9D64-4C8D-81D7-438958BB43EE}.Debug|ARM64.ActiveCfg = Debug|Any CPU
		{8F11EC60-9D64-4C8D-81D7-438958BB43EE}.Debug|ARM64.Build.0 = Debug|Any CPU
		{8F11EC60-9D64-4C8D-81D7-438958BB43EE}.Debug|x64.ActiveCfg = Debug|Any CPU
		{8F11EC60-9D64-4C8D-81D7-438958BB43EE}.Debug|x64.Build.0 = Debug|Any CPU
		{8F11EC60-9D64-4C8D-81D7-438958BB43EE}.Debug|x86.ActiveCfg = Debug|Any CPU
		{8F11EC60-9D64-4C8D-81D7-438958BB43EE}.Debug|x86.Build.0 = Debug|Any CPU
		{8F11EC60-9D64-4C8D-81D7-438958BB43EE}.Release|Any CPU.ActiveCfg = Release|Any CPU
		{8F11EC60-9D64-4C8D-81D7-438958BB43EE}.Release|Any CPU.Build.0 = Release|Any CPU
		{8F11EC60-9D64-4C8D-81D7-438958BB43EE}.Release|ARM.ActiveCfg = Release|Any CPU
		{8F11EC60-9D64-4C8D-81D7-438958BB43EE}.Release|ARM.Build.0 = Release|Any CPU
		{8F11EC60-9D64-4C8D-81D7-438958BB43EE}.Release|ARM64.ActiveCfg = Release|Any CPU
		{8F11EC60-9D64-4C8D-81D7-438958BB43EE}.Release|ARM64.Build.0 = Release|Any CPU
		{8F11EC60-9D64-4C8D-81D7-438958BB43EE}.Release|x64.ActiveCfg = Release|Any CPU
		{8F11EC60-9D64-4C8D-81D7-438958BB43EE}.Release|x64.Build.0 = Release|Any CPU
		{8F11EC60-9D64-4C8D-81D7-438958BB43EE}.Release|x86.ActiveCfg = Release|Any CPU
		{8F11EC60-9D64-4C8D-81D7-438958BB43EE}.Release|x86.Build.0 = Release|Any CPU
		{CAB978EA-3497-41DE-B924-6B49D1AF571D}.Debug|Any CPU.ActiveCfg = Debug|Any CPU
		{CAB978EA-3497-41DE-B924-6B49D1AF571D}.Debug|Any CPU.Build.0 = Debug|Any CPU
		{CAB978EA-3497-41DE-B924-6B49D1AF571D}.Debug|ARM.ActiveCfg = Debug|Any CPU
		{CAB978EA-3497-41DE-B924-6B49D1AF571D}.Debug|ARM.Build.0 = Debug|Any CPU
		{CAB978EA-3497-41DE-B924-6B49D1AF571D}.Debug|ARM64.ActiveCfg = Debug|Any CPU
		{CAB978EA-3497-41DE-B924-6B49D1AF571D}.Debug|ARM64.Build.0 = Debug|Any CPU
		{CAB978EA-3497-41DE-B924-6B49D1AF571D}.Debug|x64.ActiveCfg = Debug|Any CPU
		{CAB978EA-3497-41DE-B924-6B49D1AF571D}.Debug|x64.Build.0 = Debug|Any CPU
		{CAB978EA-3497-41DE-B924-6B49D1AF571D}.Debug|x86.ActiveCfg = Debug|Any CPU
		{CAB978EA-3497-41DE-B924-6B49D1AF571D}.Debug|x86.Build.0 = Debug|Any CPU
		{CAB978EA-3497-41DE-B924-6B49D1AF571D}.Release|Any CPU.ActiveCfg = Release|Any CPU
		{CAB978EA-3497-41DE-B924-6B49D1AF571D}.Release|Any CPU.Build.0 = Release|Any CPU
		{CAB978EA-3497-41DE-B924-6B49D1AF571D}.Release|ARM.ActiveCfg = Release|Any CPU
		{CAB978EA-3497-41DE-B924-6B49D1AF571D}.Release|ARM.Build.0 = Release|Any CPU
		{CAB978EA-3497-41DE-B924-6B49D1AF571D}.Release|ARM64.ActiveCfg = Release|Any CPU
		{CAB978EA-3497-41DE-B924-6B49D1AF571D}.Release|ARM64.Build.0 = Release|Any CPU
		{CAB978EA-3497-41DE-B924-6B49D1AF571D}.Release|x64.ActiveCfg = Release|Any CPU
		{CAB978EA-3497-41DE-B924-6B49D1AF571D}.Release|x64.Build.0 = Release|Any CPU
		{CAB978EA-3497-41DE-B924-6B49D1AF571D}.Release|x86.ActiveCfg = Release|Any CPU
		{CAB978EA-3497-41DE-B924-6B49D1AF571D}.Release|x86.Build.0 = Release|Any CPU
		{8087705D-0555-4C1B-AB6D-182DBC27DA28}.Debug|Any CPU.ActiveCfg = Debug|x64
		{8087705D-0555-4C1B-AB6D-182DBC27DA28}.Debug|Any CPU.Build.0 = Debug|x64
		{8087705D-0555-4C1B-AB6D-182DBC27DA28}.Debug|Any CPU.Deploy.0 = Debug|x64
		{8087705D-0555-4C1B-AB6D-182DBC27DA28}.Debug|ARM.ActiveCfg = Debug|ARM
		{8087705D-0555-4C1B-AB6D-182DBC27DA28}.Debug|ARM.Build.0 = Debug|ARM
		{8087705D-0555-4C1B-AB6D-182DBC27DA28}.Debug|ARM.Deploy.0 = Debug|ARM
		{8087705D-0555-4C1B-AB6D-182DBC27DA28}.Debug|ARM64.ActiveCfg = Debug|ARM64
		{8087705D-0555-4C1B-AB6D-182DBC27DA28}.Debug|ARM64.Build.0 = Debug|ARM64
		{8087705D-0555-4C1B-AB6D-182DBC27DA28}.Debug|ARM64.Deploy.0 = Debug|ARM64
		{8087705D-0555-4C1B-AB6D-182DBC27DA28}.Debug|x64.ActiveCfg = Debug|x64
		{8087705D-0555-4C1B-AB6D-182DBC27DA28}.Debug|x64.Build.0 = Debug|x64
		{8087705D-0555-4C1B-AB6D-182DBC27DA28}.Debug|x64.Deploy.0 = Debug|x64
		{8087705D-0555-4C1B-AB6D-182DBC27DA28}.Debug|x86.ActiveCfg = Debug|x86
		{8087705D-0555-4C1B-AB6D-182DBC27DA28}.Debug|x86.Build.0 = Debug|x86
		{8087705D-0555-4C1B-AB6D-182DBC27DA28}.Debug|x86.Deploy.0 = Debug|x86
		{8087705D-0555-4C1B-AB6D-182DBC27DA28}.Release|Any CPU.ActiveCfg = Release|x64
		{8087705D-0555-4C1B-AB6D-182DBC27DA28}.Release|Any CPU.Build.0 = Release|x64
		{8087705D-0555-4C1B-AB6D-182DBC27DA28}.Release|Any CPU.Deploy.0 = Release|x64
		{8087705D-0555-4C1B-AB6D-182DBC27DA28}.Release|ARM.ActiveCfg = Release|ARM
		{8087705D-0555-4C1B-AB6D-182DBC27DA28}.Release|ARM.Build.0 = Release|ARM
		{8087705D-0555-4C1B-AB6D-182DBC27DA28}.Release|ARM.Deploy.0 = Release|ARM
		{8087705D-0555-4C1B-AB6D-182DBC27DA28}.Release|ARM64.ActiveCfg = Release|ARM64
		{8087705D-0555-4C1B-AB6D-182DBC27DA28}.Release|ARM64.Build.0 = Release|ARM64
		{8087705D-0555-4C1B-AB6D-182DBC27DA28}.Release|ARM64.Deploy.0 = Release|ARM64
		{8087705D-0555-4C1B-AB6D-182DBC27DA28}.Release|x64.ActiveCfg = Release|x64
		{8087705D-0555-4C1B-AB6D-182DBC27DA28}.Release|x64.Build.0 = Release|x64
		{8087705D-0555-4C1B-AB6D-182DBC27DA28}.Release|x64.Deploy.0 = Release|x64
		{8087705D-0555-4C1B-AB6D-182DBC27DA28}.Release|x86.ActiveCfg = Release|x86
		{8087705D-0555-4C1B-AB6D-182DBC27DA28}.Release|x86.Build.0 = Release|x86
		{8087705D-0555-4C1B-AB6D-182DBC27DA28}.Release|x86.Deploy.0 = Release|x86
	EndGlobalSection
	GlobalSection(SolutionProperties) = preSolution
		HideSolutionNode = FALSE
	EndGlobalSection
	GlobalSection(ExtensibilityGlobals) = postSolution
		SolutionGuid = {8A347D4E-0B7E-4B2B-A3A9-4F139AE9121F}
	EndGlobalSection
EndGlobal
